<Solution>
  <Folder Name="/demo/">
    <Project Path="demo/Unpoly.Blazor.Shadcn.Demo/Unpoly.Blazor.Shadcn.Demo.csproj" />
  </Folder>
  <Folder Name="/src/">
    <Project Path="src/Unpoly.Blazor.Shadcn/Unpoly.Blazor.Shadcn.csproj" />
    <Project Path="src/Unpoly.Blazor.Shadcn.ECharts/Unpoly.Blazor.Shadcn.ECharts.csproj" />
    <Project Path="src/Unpoly.Blazor.Shadcn.Maps/Unpoly.Blazor.Shadcn.Maps.csproj" />
  </Folder>
  <Folder Name="/tests/">
    <Project Path="tests/Unpoly.Blazor.Shadcn.Tests/Unpoly.Blazor.Shadcn.Tests.csproj" />
    <Project Path="tests/Unpoly.Blazor.Shadcn.Behaviour/Unpoly.Blazor.Shadcn.Behaviour.csproj" />
  </Folder>
</Solution>
